
Microsoft Visual Studio Solution File, Format Version 12.00
# Visual Studio Version 17
VisualStudioVersion = 17.2.32616.157
MinimumVisualStudioVersion = 10.0.40219.1
Project("{9A19103F-16F7-4668-BE54-9A1E7A4F7556}") = "_Root", "..\_Root.csproj", "{35F931CA-0506-42CD-ABBA-E650371AB7E3}"
EndProject
Project("{9A19103F-16F7-4668-BE54-9A1E7A4F7556}") = "Lx.CsExe.WindowsExecuter", "Lx.CsExe.WindowsExecuter\Lx.CsExe.WindowsExecuter.csproj", "{9F158267-41F0-4424-AE36-5C738378F598}"
EndProject
Project("{9A19103F-16F7-4668-BE54-9A1E7A4F7556}") = "Lx.CsExe.WindowsTests", "Lx.CsExe.WindowsTests\Lx.CsExe.WindowsTests.csproj", "{28F20392-3BCE-4A18-8758-D7A910808A34}"
EndProject
Project("{FAE04EC0-301F-11D3-BF4B-00C04F79EFBC}") = "Lx.CsExe.Shared", "Lx.CsExe.Shared\Lx.CsExe.Shared.csproj", "{99CC219D-C443-400A-BF3C-D64DE8252D1B}"
EndProject
Global
	GlobalSection(SolutionConfigurationPlatforms) = preSolution
		Debug|Any CPU = Debug|Any CPU
		Release|Any CPU = Release|Any CPU
	EndGlobalSection
	GlobalSection(ProjectConfigurationPlatforms) = postSolution
		{35F931CA-0506-42CD-ABBA-E650371AB7E3}.Debug|Any CPU.ActiveCfg = Debug|Any CPU
		{35F931CA-0506-42CD-ABBA-E650371AB7E3}.Debug|Any CPU.Build.0 = Debug|Any CPU
		{35F931CA-0506-42CD-ABBA-E650371AB7E3}.Release|Any CPU.ActiveCfg = Release|Any CPU
		{35F931CA-0506-42CD-ABBA-E650371AB7E3}.Release|Any CPU.Build.0 = Release|Any CPU
		{9F158267-41F0-4424-AE36-5C738378F598}.Debug|Any CPU.ActiveCfg = Debug|Any CPU
		{9F158267-41F0-4424-AE36-5C738378F598}.Debug|Any CPU.Build.0 = Debug|Any CPU
		{9F158267-41F0-4424-AE36-5C738378F598}.Release|Any CPU.ActiveCfg = Release|Any CPU
		{9F158267-41F0-4424-AE36-5C738378F598}.Release|Any CPU.Build.0 = Release|Any CPU
		{28F20392-3BCE-4A18-8758-D7A910808A34}.Debug|Any CPU.ActiveCfg = Debug|Any CPU
		{28F20392-3BCE-4A18-8758-D7A910808A34}.Debug|Any CPU.Build.0 = Debug|Any CPU
		{28F20392-3BCE-4A18-8758-D7A910808A34}.Release|Any CPU.ActiveCfg = Release|Any CPU
		{28F20392-3BCE-4A18-8758-D7A910808A34}.Release|Any CPU.Build.0 = Release|Any CPU
		{99CC219D-C443-400A-BF3C-D64DE8252D1B}.Debug|Any CPU.ActiveCfg = Debug|Any CPU
		{99CC219D-C443-400A-BF3C-D64DE8252D1B}.Debug|Any CPU.Build.0 = Debug|Any CPU
		{99CC219D-C443-400A-BF3C-D64DE8252D1B}.Release|Any CPU.ActiveCfg = Release|Any CPU
		{99CC219D-C443-400A-BF3C-D64DE8252D1B}.Release|Any CPU.Build.0 = Release|Any CPU
	EndGlobalSection
	GlobalSection(SolutionProperties) = preSolution
		HideSolutionNode = FALSE
	EndGlobalSection
	GlobalSection(ExtensibilityGlobals) = postSolution
		SolutionGuid = {73AFF219-F114-4250-AB11-2BC98230DA34}
	EndGlobalSection
EndGlobal
